{
  "version": "2",
  "remote": {
    "https://deno.land/std@0.134.0/_util/assert.ts": "e94f2eb37cebd7f199952e242c77654e43333c1ac4c5c700e929ea3aa5489f74",
    "https://deno.land/std@0.134.0/_util/os.ts": "49b92edea1e82ba295ec946de8ffd956ed123e2948d9bd1d3e901b04e4307617",
    "https://deno.land/std@0.134.0/async/abortable.ts": "87aa7230be8360c24ad437212311c9e8d4328854baec27b4c7abb26e85515c06",
    "https://deno.land/std@0.134.0/async/deadline.ts": "48ac998d7564969f3e6ec6b6f9bf0217ebd00239b1b2292feba61272d5dd58d0",
    "https://deno.land/std@0.134.0/async/debounce.ts": "564273ef242bcfcda19a439132f940db8694173abffc159ea34f07d18fc42620",
    "https://deno.land/std@0.134.0/async/deferred.ts": "bc18e28108252c9f67dfca2bbc4587c3cbf3aeb6e155f8c864ca8ecff992b98a",
    "https://deno.land/std@0.134.0/async/delay.ts": "cbbdf1c87d1aed8edc7bae13592fb3e27e3106e0748f089c263390d4f49e5f6c",
    "https://deno.land/std@0.134.0/async/mod.ts": "2240c6841157738414331f47dee09bb8c0482c5b1980b6e3234dd03515c8132f",
    "https://deno.land/std@0.134.0/async/mux_async_iterator.ts": "f4d1d259b0c694d381770ddaaa4b799a94843eba80c17f4a2ec2949168e52d1e",
    "https://deno.land/std@0.134.0/async/pool.ts": "97b0dd27c69544e374df857a40902e74e39532f226005543eabacb551e277082",
    "https://deno.land/std@0.134.0/async/tee.ts": "1341feb1f5b1a96f8628d0f8fc07d8c43d3813423f18a63bf1b4785568d21b1f",
    "https://deno.land/std@0.134.0/bytes/bytes_list.ts": "67eb118e0b7891d2f389dad4add35856f4ad5faab46318ff99653456c23b025d",
    "https://deno.land/std@0.134.0/bytes/equals.ts": "a60ef9f01fb6e06a4e0343fc44d53d39d12dd66bc3f09ac8e6eb9cc1a6335e48",
    "https://deno.land/std@0.134.0/bytes/mod.ts": "4cef6fe8f0de217b9babbcbb0a566402b667f18a8e6d094a45e5fb3fc1afff70",
    "https://deno.land/std@0.134.0/encoding/base64.ts": "c8c16b4adaa60d7a8eee047c73ece26844435e8f7f1328d74593dbb2dd58ea4f",
    "https://deno.land/std@0.134.0/encoding/base64url.ts": "55f9d13df02efac10c6f96169daa3e702606a64e8aa27c0295f645f198c27130",
    "https://deno.land/std@0.134.0/http/http_status.ts": "71838ad33cb03ff2575f5e8fdea5f930979cdff8a81c11ade497f11d4c026019",
    "https://deno.land/std@0.134.0/http/server.ts": "10c3a7814666cdbabd6f9c18acdcc4593e222275a628280a4868881445fbb5bc",
    "https://deno.land/std@0.134.0/io/buffer.ts": "bd0c4bf53db4b4be916ca5963e454bddfd3fcd45039041ea161dbf826817822b",
    "https://deno.land/std@0.134.0/io/types.d.ts": "01f60ae7ec02675b5dbed150d258fc184a78dfe5c209ef53ba4422b46b58822c",
    "https://deno.land/std@0.134.0/path/_constants.ts": "df1db3ffa6dd6d1252cc9617e5d72165cd2483df90e93833e13580687b6083c3",
    "https://deno.land/std@0.134.0/path/_interface.ts": "ee3b431a336b80cf445441109d089b70d87d5e248f4f90ff906820889ecf8d09",
    "https://deno.land/std@0.134.0/path/_util.ts": "c1e9686d0164e29f7d880b2158971d805b6e0efc3110d0b3e24e4b8af2190d2b",
    "https://deno.land/std@0.134.0/path/common.ts": "bee563630abd2d97f99d83c96c2fa0cca7cee103e8cb4e7699ec4d5db7bd2633",
    "https://deno.land/std@0.134.0/path/glob.ts": "cb5255638de1048973c3e69e420c77dc04f75755524cb3b2e160fe9277d939ee",
    "https://deno.land/std@0.134.0/path/mod.ts": "4275129bb766f0e475ecc5246aa35689eeade419d72a48355203f31802640be7",
    "https://deno.land/std@0.134.0/path/posix.ts": "663e4a6fe30a145f56aa41a22d95114c4c5582d8b57d2d7c9ed27ad2c47636bb",
    "https://deno.land/std@0.134.0/path/separator.ts": "fe1816cb765a8068afb3e8f13ad272351c85cbc739af56dacfc7d93d710fe0f9",
    "https://deno.land/std@0.134.0/path/win32.ts": "e7bdf63e8d9982b4d8a01ef5689425c93310ece950e517476e22af10f41a136e",
    "https://deno.land/std@0.134.0/streams/buffer.ts": "ee47194022d47fa23d4749b8afbadc83c237c4595467a9bddb322af0dd205815",
    "https://deno.land/std@0.134.0/streams/conversion.ts": "712585bfa0172a97fb68dd46e784ae8ad59d11b88079d6a4ab098ff42e697d21",
    "https://deno.land/std@0.134.0/streams/delimiter.ts": "75595345f14eb268d2f5edfd20600c9956f61499a36697baabef8043897bc50b",
    "https://deno.land/std@0.134.0/streams/merge.ts": "89faf7dcda7e010f1e01dfc555d609c66d9fb2c834b7aa457a63cc70a25c3817",
    "https://deno.land/std@0.134.0/streams/mod.ts": "5f47811c2e983518cc0c82f323924b6a9bb1f5bf948cd6d498ff6aed77ada51c",
    "https://deno.land/x/xserver@0.2.1/context.ts": "24f9112a02ad8bc2e52dba9e8037679d97b1b1dcc3dda7851f422a0ddb2d428f",
    "https://deno.land/x/xserver@0.2.1/cors.ts": "d6cf4967680e3da71407c402a4154f0a11b4aca26c97bd50efe67ad3968c473c",
    "https://deno.land/x/xserver@0.2.1/deps.ts": "ed2cd346bd3f6a51d4f40de5b3471a790a26b2c849c6c37f298a6b0aeaa20112",
    "https://deno.land/x/xserver@0.2.1/file.ts": "d1279c920568544f43615dbed9513f304249da4139d3f95ba069eb914e75d01c",
    "https://deno.land/x/xserver@0.2.1/handle.ts": "8b3b77f37350cec2c2bbe67ce58d86d99cd15cc586fcba490c352ab6365420cd",
    "https://deno.land/x/xserver@0.2.1/handler.ts": "551c52f28bb5f8b6f71495e574e7cf38e8b782a006e5224aef1420c3629e3129",
    "https://deno.land/x/xserver@0.2.1/mime.ts": "817f7b988afd87adc50840c6c21bb0b572d0826be3523df146b856345e72bfd4",
    "https://deno.land/x/xserver@0.2.1/mod.ts": "62a85639e9f7c820335a61b30a7f66f2f23cdeba8de08ead353f8b2241640352",
    "https://deno.land/x/xserver@0.2.1/normalize.ts": "fded59c59263357b77e80c440f2887aa4296cdd54034c1ded6ef4eacb4865098",
    "https://deno.land/x/xserver@0.2.1/payload.ts": "dcc44b35f9e3f2324b7c901e24862cbe16d5c358e4966036cd4cb4305eef2ad9",
    "https://deno.land/x/xserver@0.2.1/plugin.ts": "88c7d2e7a001530b9dab07268727b28222cbc010698368511707917593f6d933",
    "https://deno.land/x/xserver@0.2.1/router.ts": "405a8b0e78b260a6d435e9340420cb69091676117881aa9a29cf075a55720490",
    "https://deno.land/x/xserver@0.2.1/session.ts": "113d1f7701cc1533015f802bc8a9cf7aa8f43ae013342ae3617a8a3f9237c317",
    "https://deno.land/x/xserver@0.2.1/type.ts": "2dab8b9f83d68a7f9c38ad554869aff7c5ae8394354d9fc30f7c3b7a84620253"
  }
}
