{
  "version": "2",
  "remote": {
    "https://deno.land/std@0.134.0/_util/assert.ts": "e94f2eb37cebd7f199952e242c77654e43333c1ac4c5c700e929ea3aa5489f74",
    "https://deno.land/std@0.134.0/_util/os.ts": "49b92edea1e82ba295ec946de8ffd956ed123e2948d9bd1d3e901b04e4307617",
    "https://deno.land/std@0.134.0/async/abortable.ts": "87aa7230be8360c24ad437212311c9e8d4328854baec27b4c7abb26e85515c06",
    "https://deno.land/std@0.134.0/async/deadline.ts": "48ac998d7564969f3e6ec6b6f9bf0217ebd00239b1b2292feba61272d5dd58d0",
    "https://deno.land/std@0.134.0/async/debounce.ts": "564273ef242bcfcda19a439132f940db8694173abffc159ea34f07d18fc42620",
    "https://deno.land/std@0.134.0/async/deferred.ts": "bc18e28108252c9f67dfca2bbc4587c3cbf3aeb6e155f8c864ca8ecff992b98a",
    "https://deno.land/std@0.134.0/async/delay.ts": "cbbdf1c87d1aed8edc7bae13592fb3e27e3106e0748f089c263390d4f49e5f6c",
    "https://deno.land/std@0.134.0/async/mod.ts": "2240c6841157738414331f47dee09bb8c0482c5b1980b6e3234dd03515c8132f",
    "https://deno.land/std@0.134.0/async/mux_async_iterator.ts": "f4d1d259b0c694d381770ddaaa4b799a94843eba80c17f4a2ec2949168e52d1e",
    "https://deno.land/std@0.134.0/async/pool.ts": "97b0dd27c69544e374df857a40902e74e39532f226005543eabacb551e277082",
    "https://deno.land/std@0.134.0/async/tee.ts": "1341feb1f5b1a96f8628d0f8fc07d8c43d3813423f18a63bf1b4785568d21b1f",
    "https://deno.land/std@0.134.0/bytes/bytes_list.ts": "67eb118e0b7891d2f389dad4add35856f4ad5faab46318ff99653456c23b025d",
    "https://deno.land/std@0.134.0/bytes/equals.ts": "a60ef9f01fb6e06a4e0343fc44d53d39d12dd66bc3f09ac8e6eb9cc1a6335e48",
    "https://deno.land/std@0.134.0/bytes/mod.ts": "4cef6fe8f0de217b9babbcbb0a566402b667f18a8e6d094a45e5fb3fc1afff70",
    "https://deno.land/std@0.134.0/encoding/base64.ts": "c8c16b4adaa60d7a8eee047c73ece26844435e8f7f1328d74593dbb2dd58ea4f",
    "https://deno.land/std@0.134.0/encoding/base64url.ts": "55f9d13df02efac10c6f96169daa3e702606a64e8aa27c0295f645f198c27130",
    "https://deno.land/std@0.134.0/http/http_status.ts": "71838ad33cb03ff2575f5e8fdea5f930979cdff8a81c11ade497f11d4c026019",
    "https://deno.land/std@0.134.0/http/server.ts": "10c3a7814666cdbabd6f9c18acdcc4593e222275a628280a4868881445fbb5bc",
    "https://deno.land/std@0.134.0/io/buffer.ts": "bd0c4bf53db4b4be916ca5963e454bddfd3fcd45039041ea161dbf826817822b",
    "https://deno.land/std@0.134.0/io/types.d.ts": "01f60ae7ec02675b5dbed150d258fc184a78dfe5c209ef53ba4422b46b58822c",
    "https://deno.land/std@0.134.0/path/_constants.ts": "df1db3ffa6dd6d1252cc9617e5d72165cd2483df90e93833e13580687b6083c3",
    "https://deno.land/std@0.134.0/path/_interface.ts": "ee3b431a336b80cf445441109d089b70d87d5e248f4f90ff906820889ecf8d09",
    "https://deno.land/std@0.134.0/path/_util.ts": "c1e9686d0164e29f7d880b2158971d805b6e0efc3110d0b3e24e4b8af2190d2b",
    "https://deno.land/std@0.134.0/path/common.ts": "bee563630abd2d97f99d83c96c2fa0cca7cee103e8cb4e7699ec4d5db7bd2633",
    "https://deno.land/std@0.134.0/path/glob.ts": "cb5255638de1048973c3e69e420c77dc04f75755524cb3b2e160fe9277d939ee",
    "https://deno.land/std@0.134.0/path/mod.ts": "4275129bb766f0e475ecc5246aa35689eeade419d72a48355203f31802640be7",
    "https://deno.land/std@0.134.0/path/posix.ts": "663e4a6fe30a145f56aa41a22d95114c4c5582d8b57d2d7c9ed27ad2c47636bb",
    "https://deno.land/std@0.134.0/path/separator.ts": "fe1816cb765a8068afb3e8f13ad272351c85cbc739af56dacfc7d93d710fe0f9",
    "https://deno.land/std@0.134.0/path/win32.ts": "e7bdf63e8d9982b4d8a01ef5689425c93310ece950e517476e22af10f41a136e",
    "https://deno.land/std@0.134.0/streams/buffer.ts": "ee47194022d47fa23d4749b8afbadc83c237c4595467a9bddb322af0dd205815",
    "https://deno.land/std@0.134.0/streams/conversion.ts": "712585bfa0172a97fb68dd46e784ae8ad59d11b88079d6a4ab098ff42e697d21",
    "https://deno.land/std@0.134.0/streams/delimiter.ts": "75595345f14eb268d2f5edfd20600c9956f61499a36697baabef8043897bc50b",
    "https://deno.land/std@0.134.0/streams/merge.ts": "89faf7dcda7e010f1e01dfc555d609c66d9fb2c834b7aa457a63cc70a25c3817",
    "https://deno.land/std@0.134.0/streams/mod.ts": "5f47811c2e983518cc0c82f323924b6a9bb1f5bf948cd6d498ff6aed77ada51c",
    "https://deno.land/std@0.151.0/semver/mod.ts": "4a5195fa81b4aede8875a386550a1119f01fb58d74aea899b2cfb136c05a7310",
    "https://deno.land/std@0.152.0/_deno_unstable.ts": "be3276fd42cffb49f51b705c4b0aa8656aaf2a34be22d769455c8e50ea38e51a",
    "https://deno.land/std@0.152.0/_util/assert.ts": "e94f2eb37cebd7f199952e242c77654e43333c1ac4c5c700e929ea3aa5489f74",
    "https://deno.land/std@0.152.0/_util/os.ts": "3b4c6e27febd119d36a416d7a97bd3b0251b77c88942c8f16ee5953ea13e2e49",
    "https://deno.land/std@0.152.0/fs/_util.ts": "2cf50bfb1081c2d5f2efec10ac19abbc2baf478e51cd1b057d0da2f30585b6ba",
    "https://deno.land/std@0.152.0/fs/copy.ts": "9248d1492599957af8c693ceb10a432b09f0b0b61c60a4d6aff29b0c7d3a17b3",
    "https://deno.land/std@0.152.0/fs/empty_dir.ts": "7274d87160de34cbed0531e284df383045cf43543bbeadeb97feac598bd8f3c5",
    "https://deno.land/std@0.152.0/fs/ensure_dir.ts": "9dc109c27df4098b9fc12d949612ae5c9c7169507660dcf9ad90631833209d9d",
    "https://deno.land/std@0.152.0/fs/ensure_file.ts": "7d353e64fee3d4d1e7c6b6726a2a5e987ba402c15fb49566309042887349c545",
    "https://deno.land/std@0.152.0/fs/ensure_link.ts": "489e23df9fe3e6636048b5830ddf0f111eb29621eb85719255ad9bd645f3471b",
    "https://deno.land/std@0.152.0/fs/ensure_symlink.ts": "88dc83de1bc90ed883dd458c2d2eae3d5834a4617d12925734836e1f0803b274",
    "https://deno.land/std@0.152.0/fs/eol.ts": "b92f0b88036de507e7e6fbedbe8f666835ea9dcbf5ac85917fa1fadc919f83a5",
    "https://deno.land/std@0.152.0/fs/exists.ts": "cb734d872f8554ea40b8bff77ad33d4143c1187eac621a55bf37781a43c56f6d",
    "https://deno.land/std@0.152.0/fs/expand_glob.ts": "143400698822117018c3646f4b7d2d418bc5cdede1ec837a8c70013b7711c761",
    "https://deno.land/std@0.152.0/fs/mod.ts": "354a6f972ef4e00c4dd1f1339a8828ef0764c1c23d3c0010af3fcc025d8655b0",
    "https://deno.land/std@0.152.0/fs/move.ts": "0573cedcf583f09a9494f2dfccbf67de68a93629942d6b5e6e74a9e45d4e8a2e",
    "https://deno.land/std@0.152.0/fs/walk.ts": "6ce8d87fbaeda23383e979599ad27f3f94b3e5ff0c0cd976b5fc5c2aa0df7d92",
    "https://deno.land/std@0.152.0/path/_constants.ts": "df1db3ffa6dd6d1252cc9617e5d72165cd2483df90e93833e13580687b6083c3",
    "https://deno.land/std@0.152.0/path/_interface.ts": "ee3b431a336b80cf445441109d089b70d87d5e248f4f90ff906820889ecf8d09",
    "https://deno.land/std@0.152.0/path/_util.ts": "c1e9686d0164e29f7d880b2158971d805b6e0efc3110d0b3e24e4b8af2190d2b",
    "https://deno.land/std@0.152.0/path/common.ts": "bee563630abd2d97f99d83c96c2fa0cca7cee103e8cb4e7699ec4d5db7bd2633",
    "https://deno.land/std@0.152.0/path/glob.ts": "cb5255638de1048973c3e69e420c77dc04f75755524cb3b2e160fe9277d939ee",
    "https://deno.land/std@0.152.0/path/mod.ts": "56fec03ad0ebd61b6ab39ddb9b0ddb4c4a5c9f2f4f632e09dd37ec9ebfd722ac",
    "https://deno.land/std@0.152.0/path/posix.ts": "c1f7afe274290ea0b51da07ee205653b2964bd74909a82deb07b69a6cc383aaa",
    "https://deno.land/std@0.152.0/path/separator.ts": "fe1816cb765a8068afb3e8f13ad272351c85cbc739af56dacfc7d93d710fe0f9",
    "https://deno.land/std@0.152.0/path/win32.ts": "bd7549042e37879c68ff2f8576a25950abbfca1d696d41d82c7bca0b7e6f452c",
    "https://deno.land/std@0.176.0/_util/asserts.ts": "178dfc49a464aee693a7e285567b3d0b555dc805ff490505a8aae34f9cfb1462",
    "https://deno.land/std@0.176.0/_util/os.ts": "d932f56d41e4f6a6093d56044e29ce637f8dcc43c5a90af43504a889cf1775e3",
    "https://deno.land/std@0.176.0/async/abortable.ts": "73acfb3ed7261ce0d930dbe89e43db8d34e017b063cf0eaa7d215477bf53442e",
    "https://deno.land/std@0.176.0/async/deadline.ts": "b98e50d2c42399af03ad13bbb8cf59dadb9f0cd5d70648cc0c3b9202d75ab565",
    "https://deno.land/std@0.176.0/async/debounce.ts": "adab11d04ca38d699444ac8a9d9856b4155e8dda2afd07ce78276c01ea5a4332",
    "https://deno.land/std@0.176.0/async/deferred.ts": "42790112f36a75a57db4a96d33974a936deb7b04d25c6084a9fa8a49f135def8",
    "https://deno.land/std@0.176.0/async/delay.ts": "73aa04cec034c84fc748c7be49bb15cac3dd43a57174bfdb7a4aec22c248f0dd",
    "https://deno.land/std@0.176.0/async/mod.ts": "f04344fa21738e5ad6bea37a6bfffd57c617c2d372bb9f9dcfd118a1b622e576",
    "https://deno.land/std@0.176.0/async/mux_async_iterator.ts": "70c7f2ee4e9466161350473ad61cac0b9f115cff4c552eaa7ef9d50c4cbb4cc9",
    "https://deno.land/std@0.176.0/async/pool.ts": "fd082bd4aaf26445909889435a5c74334c017847842ec035739b4ae637ae8260",
    "https://deno.land/std@0.176.0/async/retry.ts": "5efa3ba450ac0c07a40a82e2df296287b5013755d232049efd7ea2244f15b20f",
    "https://deno.land/std@0.176.0/async/tee.ts": "47e42d35f622650b02234d43803d0383a89eb4387e1b83b5a40106d18ae36757",
    "https://deno.land/std@0.176.0/bytes/bytes_list.ts": "b4cbdfd2c263a13e8a904b12d082f6177ea97d9297274a4be134e989450dfa6a",
    "https://deno.land/std@0.176.0/bytes/copy.ts": "939d89e302a9761dcf1d9c937c7711174ed74c59eef40a1e4569a05c9de88219",
    "https://deno.land/std@0.176.0/datetime/to_imf.ts": "851d072a1c86c7ec34c753e61b1951ceda50c9da805b170a0ecaea3b024dd266",
    "https://deno.land/std@0.176.0/encoding/base64.ts": "7de04c2f8aeeb41453b09b186480be90f2ff357613b988e99fabb91d2eeceba1",
    "https://deno.land/std@0.176.0/encoding/base64url.ts": "3f1178f6446834457b16bfde8b559c1cd3481727fe384d3385e4a9995dc2d851",
    "https://deno.land/std@0.176.0/http/_negotiation/common.ts": "14d1a52427ab258a4b7161cd80e1d8a207b7cc64b46e911780f57ead5f4323c6",
    "https://deno.land/std@0.176.0/http/_negotiation/encoding.ts": "ff747d107277c88cb7a6a62a08eeb8d56dad91564cbcccb30694d5dc126dcc53",
    "https://deno.land/std@0.176.0/http/_negotiation/language.ts": "7bcddd8db3330bdb7ce4fc00a213c5547c1968139864201efd67ef2d0d51887d",
    "https://deno.land/std@0.176.0/http/_negotiation/media_type.ts": "58847517cd549384ad677c0fe89e0a4815be36fe7a303ea63cee5f6a1d7e1692",
    "https://deno.land/std@0.176.0/http/cookie.ts": "4afa70654aee951b1b5a82b8939566843bf6eea605a961c7abc8e9705afd0a20",
    "https://deno.land/std@0.176.0/http/cookie_map.ts": "8cf428c03ef17c197196a5c382495cd4adecbfb597f6f8f3cd7e1775c3e79ffd",
    "https://deno.land/std@0.176.0/http/http_errors.ts": "57169d9bdf4cda1982a3742693c146ab1bf2cbc88df003b40ac905a30013d4cb",
    "https://deno.land/std@0.176.0/http/http_status.ts": "8a7bcfe3ac025199ad804075385e57f63d055b2aed539d943ccc277616d6f932",
    "https://deno.land/std@0.176.0/http/mod.ts": "b8039c604915f9b27fea8e251479ae30e4d15b1c01223b73fb0399e763fe2a5d",
    "https://deno.land/std@0.176.0/http/negotiation.ts": "32761c921afa7847cf767fe81c81785721abccc0db0fc51c7ec2a45868b4ee4a",
    "https://deno.land/std@0.176.0/http/server.ts": "cbb17b594651215ba95c01a395700684e569c165a567e4e04bba327f41197433",
    "https://deno.land/std@0.176.0/io/buffer.ts": "e2b7564f684dad625cab08f5106f33572d325705d19a36822b3272fbdfb8f726",
    "https://deno.land/std@0.176.0/media_types/_db.ts": "7606d83e31f23ce1a7968cbaee852810c2cf477903a095696cdc62eaab7ce570",
    "https://deno.land/std@0.176.0/media_types/_util.ts": "916efbd30b6148a716f110e67a4db29d6949bf4048997b754415dd7e42c52378",
    "https://deno.land/std@0.176.0/media_types/content_type.ts": "c682589a0aeb016bfed355cc1ed6fbb3ead2ea48fc0000ac5de6a5730613ad1c",
    "https://deno.land/std@0.176.0/media_types/extension.ts": "7a4ef2813d7182f724a941f38161525996e4a67abc3cf6a0f9bc2168d73a0f0e",
    "https://deno.land/std@0.176.0/media_types/extensions_by_type.ts": "4358023feac696e6e9d49c0f1e76a859f03ca254df57812f31f8536890c3a443",
    "https://deno.land/std@0.176.0/media_types/format_media_type.ts": "1e35e16562e5c417401ffc388a9f8f421f97f0ee06259cbe990c51bae4e6c7a8",
    "https://deno.land/std@0.176.0/media_types/get_charset.ts": "8be15a1fd31a545736b91ace56d0e4c66ea0d7b3fdc5c90760e8202e7b4b1fad",
    "https://deno.land/std@0.176.0/media_types/mod.ts": "d3f0b99f85053bc0b98ecc24eaa3546dfa09b856dc0bbaf60d8956d2cdd710c8",
    "https://deno.land/std@0.176.0/media_types/parse_media_type.ts": "bed260d868ea271445ae41d748e7afed9b5a7f407d2777ead08cecf73e9278de",
    "https://deno.land/std@0.176.0/media_types/type_by_extension.ts": "6076a7fc63181d70f92ec582fdea2c927eb2cfc7f9c9bee9d6add2aca86f2355",
    "https://deno.land/std@0.176.0/media_types/vendor/mime-db.v1.52.0.ts": "6925bbcae81ca37241e3f55908d0505724358cda3384eaea707773b2c7e99586",
    "https://deno.land/std@0.176.0/path/_constants.ts": "e49961f6f4f48039c0dfed3c3f93e963ca3d92791c9d478ac5b43183413136e0",
    "https://deno.land/std@0.176.0/path/_interface.ts": "6471159dfbbc357e03882c2266d21ef9afdb1e4aa771b0545e90db58a0ba314b",
    "https://deno.land/std@0.176.0/path/_util.ts": "d7abb1e0dea065f427b89156e28cdeb32b045870acdf865833ba808a73b576d0",
    "https://deno.land/std@0.176.0/path/common.ts": "ee7505ab01fd22de3963b64e46cff31f40de34f9f8de1fff6a1bd2fe79380000",
    "https://deno.land/std@0.176.0/path/glob.ts": "d479e0a695621c94d3fd7fe7abd4f9499caf32a8de13f25073451c6ef420a4e1",
    "https://deno.land/std@0.176.0/path/mod.ts": "4b83694ac500d7d31b0cdafc927080a53dc0c3027eb2895790fb155082b0d232",
    "https://deno.land/std@0.176.0/path/posix.ts": "8b7c67ac338714b30c816079303d0285dd24af6b284f7ad63da5b27372a2c94d",
    "https://deno.land/std@0.176.0/path/separator.ts": "0fb679739d0d1d7bf45b68dacfb4ec7563597a902edbaf3c59b50d5bcadd93b1",
    "https://deno.land/std@0.176.0/path/win32.ts": "d186344e5583bcbf8b18af416d13d82b35a317116e6460a5a3953508c3de5bba",
    "https://deno.land/std@0.176.0/streams/_common.ts": "f45cba84f0d813de3326466095539602364a9ba521f804cc758f7a475cda692d",
    "https://deno.land/std@0.176.0/streams/buffer.ts": "7e7676c29e0e72f6821c3b5fede2540886a216bb91c849bb5db20bb82a01d8a1",
    "https://deno.land/std@0.176.0/streams/byte_slice_stream.ts": "cf5785b0d9223ebb51fcf6679d881dfaf614c3b288fb4577b511b6f7801a01aa",
    "https://deno.land/std@0.176.0/streams/copy.ts": "de0de21701d8cceba84ca01d9731c77f4b3597bb9de6a1b08f32250353feeae8",
    "https://deno.land/std@0.176.0/streams/delimiter_stream.ts": "178916310e8bc54e2ca74fc5a708a24c27fae339738fb3407d793c46a8b624a2",
    "https://deno.land/std@0.176.0/streams/early_zip_readable_streams.ts": "64828085be5812ec5f4896c10b59f14e5a322b2c0439be9331dde332ae9c91de",
    "https://deno.land/std@0.176.0/streams/iterate_reader.ts": "06491ed8f1bb1c619abbfa04c10b173ff95a93e51fe5037b7c1ad0b5cc01fc7d",
    "https://deno.land/std@0.176.0/streams/limited_bytes_transform_stream.ts": "3bc04143b8b91a923f5ee81a3c618b6606ac7da66ccbcde62a67aaa0375cbc71",
    "https://deno.land/std@0.176.0/streams/limited_transform_stream.ts": "b336f5d649a06e35e2692849e3682a673bb32531738443eb2ce9f57538722f75",
    "https://deno.land/std@0.176.0/streams/merge_readable_streams.ts": "5d6302888f4bb0616dafb5768771be0aec9bedc05fbae6b3d726d05ffbec5b15",
    "https://deno.land/std@0.176.0/streams/mod.ts": "c07ec010e700b9ea887dc36ca08729828bc7912f711e4054e24d33fd46282252",
    "https://deno.land/std@0.176.0/streams/read_all.ts": "bfa220b0e1d06fa4d0cb5178baba8f8b466019a7411511982bfa2320ca292815",
    "https://deno.land/std@0.176.0/streams/readable_stream_from_iterable.ts": "cae337ddafd2abc5e3df699ef2af888ac04091f12732ae658448fba2c7b187e8",
    "https://deno.land/std@0.176.0/streams/readable_stream_from_reader.ts": "9aceaeefa9e04b08f56b2d07272baedc3b6432840b66198d72fa2ada3e6608ea",
    "https://deno.land/std@0.176.0/streams/reader_from_iterable.ts": "05f7759b9336fd4c233d9daadf92aec9a7d2c07a05986da466a935cec2dd79d9",
    "https://deno.land/std@0.176.0/streams/reader_from_stream_reader.ts": "3fda9390ec8520c8a9ea2aba2579208b18880a7663d7a9feec8f193b7af14e41",
    "https://deno.land/std@0.176.0/streams/text_delimiter_stream.ts": "ee216316360366c3744197f5665a066a25e6baa8cfe836fbe9a0033e079e089e",
    "https://deno.land/std@0.176.0/streams/text_line_stream.ts": "a9dd2636c6b90e626e19df26c97034c5f638bdd957cbd5c531d6278fe1d08e90",
    "https://deno.land/std@0.176.0/streams/to_transform_stream.ts": "31c8cce967a2f602be5f164973a5c6cedd4c76e1d2fbc22ae0081b084f73fb0e",
    "https://deno.land/std@0.176.0/streams/writable_stream_from_writer.ts": "0320b759aa343f9f4f58b014fe301d9a7abcbfb8413d260502a885995e6a0776",
    "https://deno.land/std@0.176.0/streams/write_all.ts": "3b2e1ce44913f966348ce353d02fa5369e94115181037cd8b602510853ec3033",
    "https://deno.land/std@0.176.0/streams/writer_from_stream_writer.ts": "31126a6bf2e678c5a718011d4831dbe75dbdbd885965d3dbd5dd105e6f20f976",
    "https://deno.land/std@0.176.0/streams/zip_readable_streams.ts": "9eb82070d83055fe6f077192fb204dc7612695a4b330148e9aa376df1a65e708",
    "https://deno.land/std@0.176.0/types.d.ts": "220ed56662a0bd393ba5d124aa6ae2ad36a00d2fcbc0e8666a65f4606aaa9784",
    "https://deno.land/x/denoflate@1.2.1/mod.ts": "f5628e44b80b3d80ed525afa2ba0f12408e3849db817d47a883b801f9ce69dd6",
    "https://deno.land/x/denoflate@1.2.1/pkg/denoflate.js": "b9f9ad9457d3f12f28b1fb35c555f57443427f74decb403113d67364e4f2caf4",
    "https://deno.land/x/denoflate@1.2.1/pkg/denoflate_bg.wasm.js": "d581956245407a2115a3d7e8d85a9641c032940a8e810acbd59ca86afd34d44d",
    "https://deno.land/x/esbuild@v0.17.10/mod.d.ts": "dc279a3a46f084484453e617c0cabcd5b8bd1920c0e562e4ea02dfc828c8f968",
    "https://deno.land/x/esbuild@v0.17.10/mod.js": "f487af105d1f3496a19d192a78dcbfafc56297908a2ad06d4ec9a29d65991cad",
    "https://deno.land/x/xserver@0.2.1/context.ts": "24f9112a02ad8bc2e52dba9e8037679d97b1b1dcc3dda7851f422a0ddb2d428f",
    "https://deno.land/x/xserver@0.2.1/cors.ts": "d6cf4967680e3da71407c402a4154f0a11b4aca26c97bd50efe67ad3968c473c",
    "https://deno.land/x/xserver@0.2.1/deps.ts": "ed2cd346bd3f6a51d4f40de5b3471a790a26b2c849c6c37f298a6b0aeaa20112",
    "https://deno.land/x/xserver@0.2.1/file.ts": "d1279c920568544f43615dbed9513f304249da4139d3f95ba069eb914e75d01c",
    "https://deno.land/x/xserver@0.2.1/handle.ts": "8b3b77f37350cec2c2bbe67ce58d86d99cd15cc586fcba490c352ab6365420cd",
    "https://deno.land/x/xserver@0.2.1/handler.ts": "551c52f28bb5f8b6f71495e574e7cf38e8b782a006e5224aef1420c3629e3129",
    "https://deno.land/x/xserver@0.2.1/mime.ts": "817f7b988afd87adc50840c6c21bb0b572d0826be3523df146b856345e72bfd4",
    "https://deno.land/x/xserver@0.2.1/mod.ts": "62a85639e9f7c820335a61b30a7f66f2f23cdeba8de08ead353f8b2241640352",
    "https://deno.land/x/xserver@0.2.1/normalize.ts": "fded59c59263357b77e80c440f2887aa4296cdd54034c1ded6ef4eacb4865098",
    "https://deno.land/x/xserver@0.2.1/payload.ts": "dcc44b35f9e3f2324b7c901e24862cbe16d5c358e4966036cd4cb4305eef2ad9",
    "https://deno.land/x/xserver@0.2.1/plugin.ts": "88c7d2e7a001530b9dab07268727b28222cbc010698368511707917593f6d933",
    "https://deno.land/x/xserver@0.2.1/router.ts": "405a8b0e78b260a6d435e9340420cb69091676117881aa9a29cf075a55720490",
    "https://deno.land/x/xserver@0.2.1/session.ts": "113d1f7701cc1533015f802bc8a9cf7aa8f43ae013342ae3617a8a3f9237c317",
    "https://deno.land/x/xserver@0.2.1/type.ts": "2dab8b9f83d68a7f9c38ad554869aff7c5ae8394354d9fc30f7c3b7a84620253",
    "https://deno.land/x/xserver@0.2.3/src/context.ts": "24f9112a02ad8bc2e52dba9e8037679d97b1b1dcc3dda7851f422a0ddb2d428f",
    "https://deno.land/x/xserver@0.2.3/src/cors.ts": "d6cf4967680e3da71407c402a4154f0a11b4aca26c97bd50efe67ad3968c473c",
    "https://deno.land/x/xserver@0.2.3/src/deps.ts": "ed2cd346bd3f6a51d4f40de5b3471a790a26b2c849c6c37f298a6b0aeaa20112",
    "https://deno.land/x/xserver@0.2.3/src/file.ts": "d1279c920568544f43615dbed9513f304249da4139d3f95ba069eb914e75d01c",
    "https://deno.land/x/xserver@0.2.3/src/handle.ts": "8b3b77f37350cec2c2bbe67ce58d86d99cd15cc586fcba490c352ab6365420cd",
    "https://deno.land/x/xserver@0.2.3/src/handler.ts": "551c52f28bb5f8b6f71495e574e7cf38e8b782a006e5224aef1420c3629e3129",
    "https://deno.land/x/xserver@0.2.3/src/mime.ts": "817f7b988afd87adc50840c6c21bb0b572d0826be3523df146b856345e72bfd4",
    "https://deno.land/x/xserver@0.2.3/src/mod.ts": "62a85639e9f7c820335a61b30a7f66f2f23cdeba8de08ead353f8b2241640352",
    "https://deno.land/x/xserver@0.2.3/src/normalize.ts": "fded59c59263357b77e80c440f2887aa4296cdd54034c1ded6ef4eacb4865098",
    "https://deno.land/x/xserver@0.2.3/src/payload.ts": "dcc44b35f9e3f2324b7c901e24862cbe16d5c358e4966036cd4cb4305eef2ad9",
    "https://deno.land/x/xserver@0.2.3/src/plugin.ts": "88c7d2e7a001530b9dab07268727b28222cbc010698368511707917593f6d933",
    "https://deno.land/x/xserver@0.2.3/src/router.ts": "405a8b0e78b260a6d435e9340420cb69091676117881aa9a29cf075a55720490",
    "https://deno.land/x/xserver@0.2.3/src/session.ts": "113d1f7701cc1533015f802bc8a9cf7aa8f43ae013342ae3617a8a3f9237c317",
    "https://deno.land/x/xserver@0.2.3/src/type.ts": "2dab8b9f83d68a7f9c38ad554869aff7c5ae8394354d9fc30f7c3b7a84620253",
    "https://deno.land/x/xserver@2.5.0/src/cache.ts": "93030ac387da1740f0491ddfd3c1d8edeee852fb1a9589dad35fafa7cf4ccbc9",
    "https://deno.land/x/xserver@2.5.0/src/context.ts": "20aff654de045543892aeae4591241be101f55e7e6d9d057c06606423297f683",
    "https://deno.land/x/xserver@2.5.0/src/cors.ts": "171773e66b4e946aa18e322cc2d47b40dc746c454297b1d1f622866c37748e05",
    "https://deno.land/x/xserver@2.5.0/src/deps.ts": "79eb03f45f37e564b9e17f79c34178105bea583fb24b2fd5a143615de07fdf66",
    "https://deno.land/x/xserver@2.5.0/src/file.ts": "11127fd0dc5f0f45e3894295d8e8a27cae4a80ee76e5982c4fc1a8b5ba982459",
    "https://deno.land/x/xserver@2.5.0/src/forwarded.ts": "a6a600cb20c18884db5fde9cd6714725f558c8ebfb833ddf2ef26b419d333153",
    "https://deno.land/x/xserver@2.5.0/src/handle.ts": "f602c7b21e5ced5384178b77ebb33727d64643add33b11912479bc5c7f21a381",
    "https://deno.land/x/xserver@2.5.0/src/handler.ts": "994a5b76a6a71e6cf59dfd8b921b44376f5b35e774b2f470f76a6745c963d76f",
    "https://deno.land/x/xserver@2.5.0/src/mod.ts": "d48da1ee960038a329b70f9b4d845a08a4bbfaca5b1a111b3d5e3b3527b1be16",
    "https://deno.land/x/xserver@2.5.0/src/normalize.ts": "80f94a081b1f3a2a36bf568e1cadac9bcc07d35b355241d1a2882e5013ef988e",
    "https://deno.land/x/xserver@2.5.0/src/payload.ts": "be1ecb5e40e9cd4e2c94eebf5c4a2e896f5cef61d76b1ca889dfe9fff8ae5041",
    "https://deno.land/x/xserver@2.5.0/src/plugin.ts": "e1eea35b0b7fc1de9ca113597962d8a33c851d858bcd63f68d34df4b34527827",
    "https://deno.land/x/xserver@2.5.0/src/router.ts": "ffc132c98acb50356b07788613972077798987afe80e4ef8fef5c0b70ee741e3",
    "https://deno.land/x/xserver@2.5.0/src/session.ts": "b529f45444931688f976ae5c6c067390333b5160c9c8a816a70ac1dbdc50ea00",
    "https://deno.land/x/xserver@2.5.0/src/socket.ts": "2dd01ea3afb5d5622505ca16747f1ede0506a787300f253b3b5c733c11ed860c",
    "https://deno.land/x/xserver@2.5.0/src/type.ts": "00130d2eddf261ba1e8972be46a47ca521432f93841a815f783a0f829c810cc2"
  }
}
